
Microsoft Visual Studio Solution File, Format Version 12.00
# Visual Studio Version 17
VisualStudioVersion = 17.14.36221.1 d17.14
MinimumVisualStudioVersion = 10.0.40219.1
Project("{FAE04EC0-301F-11D3-BF4B-00C04F79EFBC}") = "QL_Phong_Kham", "QL_Phong_Kham\QL_Phong_Kham.csproj", "{18A4C8F8-B619-4675-871C-E5081F2C3AAA}"
EndProject
Global
	GlobalSection(SolutionConfigurationPlatforms) = preSolution
		Debug|Any CPU = Debug|Any CPU
		Release|Any CPU = Release|Any CPU
	EndGlobalSection
	GlobalSection(ProjectConfigurationPlatforms) = postSolution
		{18A4C8F8-B619-4675-871C-E5081F2C3AAA}.Debug|Any CPU.ActiveCfg = Debug|Any CPU
		{18A4C8F8-B619-4675-871C-E5081F2C3AAA}.Debug|Any CPU.Build.0 = Debug|Any CPU
		{18A4C8F8-B619-4675-871C-E5081F2C3AAA}.Release|Any CPU.ActiveCfg = Release|Any CPU
		{18A4C8F8-B619-4675-871C-E5081F2C3AAA}.Release|Any CPU.Build.0 = Release|Any CPU
	EndGlobalSection
	GlobalSection(SolutionProperties) = preSolution
		HideSolutionNode = FALSE
	EndGlobalSection
	GlobalSection(ExtensibilityGlobals) = postSolution
		SolutionGuid = {53CA3A3C-78D8-47F5-8B40-696034A3681B}
	EndGlobalSection
EndGlobal
